
Microsoft Visual Studio Solution File, Format Version 12.00
# Visual Studio Version 16
VisualStudioVersion = 16.0.29926.136
MinimumVisualStudioVersion = 10.0.40219.1
Project("{FAE04EC0-301F-11D3-BF4B-00C04F79EFBC}") = "OOP", "FundamentosArquitetura\OOP.csproj", "{729AC597-FF33-41A1-9CAB-4787240160C9}"
EndProject
Global
	GlobalSection(SolutionConfigurationPlatforms) = preSolution
		Debug|Any CPU = Debug|Any CPU
		Release|Any CPU = Release|Any CPU
	EndGlobalSection
	GlobalSection(ProjectConfigurationPlatforms) = postSolution
		{729AC597-FF33-41A1-9CAB-4787240160C9}.Debug|Any CPU.ActiveCfg = Debug|Any CPU
		{729AC597-FF33-41A1-9CAB-4787240160C9}.Debug|Any CPU.Build.0 = Debug|Any CPU
		{729AC597-FF33-41A1-9CAB-4787240160C9}.Release|Any CPU.ActiveCfg = Release|Any CPU
		{729AC597-FF33-41A1-9CAB-4787240160C9}.Release|Any CPU.Build.0 = Release|Any CPU
	EndGlobalSection
	GlobalSection(SolutionProperties) = preSolution
		HideSolutionNode = FALSE
	EndGlobalSection
	GlobalSection(ExtensibilityGlobals) = postSolution
		SolutionGuid = {2A62D806-ECCC-4463-BECE-238F8FBE1BF7}
	EndGlobalSection
EndGlobal
